
Microsoft Visual Studio Solution File, Format Version 12.00
# Visual Studio Version 16
VisualStudioVersion = 16.0.31605.320
MinimumVisualStudioVersion = 10.0.40219.1
Project("{9A19103F-16F7-4668-BE54-9A1E7A4F7556}") = "JsonTreeGrid", "JsonTreeGrid\JsonTreeGrid.csproj", "{29501484-FB77-4BD3-A0CD-0EFC1910C6A7}"
EndProject
Global
	GlobalSection(SolutionConfigurationPlatforms) = preSolution
		Debug|Any CPU = Debug|Any CPU
		Release|Any CPU = Release|Any CPU
	EndGlobalSection
	GlobalSection(ProjectConfigurationPlatforms) = postSolution
		{29501484-FB77-4BD3-A0CD-0EFC1910C6A7}.Debug|Any CPU.ActiveCfg = Debug|Any CPU
		{29501484-FB77-4BD3-A0CD-0EFC1910C6A7}.Debug|Any CPU.Build.0 = Debug|Any CPU
		{29501484-FB77-4BD3-A0CD-0EFC1910C6A7}.Release|Any CPU.ActiveCfg = Release|Any CPU
		{29501484-FB77-4BD3-A0CD-0EFC1910C6A7}.Release|Any CPU.Build.0 = Release|Any CPU
	EndGlobalSection
	GlobalSection(SolutionProperties) = preSolution
		HideSolutionNode = FALSE
	EndGlobalSection
	GlobalSection(ExtensibilityGlobals) = postSolution
		SolutionGuid = {00690C72-D9DA-47B2-84E4-F2A129AEC6EE}
	EndGlobalSection
EndGlobal
